
Microsoft Visual Studio Solution File, Format Version 12.00
# Visual Studio Version 17
VisualStudioVersion = 17.3.32901.215
MinimumVisualStudioVersion = 10.0.40219.1
Project("{FAE04EC0-301F-11D3-BF4B-00C04F79EFBC}") = "ProjectManagerWebApi", "ProjectManagerWebApi\ProjectManagerWebApi.csproj", "{60D5AD89-A6ED-4A8E-B0F5-756CB95B1DDF}"
EndProject
Global
	GlobalSection(SolutionConfigurationPlatforms) = preSolution
		Debug|Any CPU = Debug|Any CPU
		Release|Any CPU = Release|Any CPU
	EndGlobalSection
	GlobalSection(ProjectConfigurationPlatforms) = postSolution
		{60D5AD89-A6ED-4A8E-B0F5-756CB95B1DDF}.Debug|Any CPU.ActiveCfg = Debug|Any CPU
		{60D5AD89-A6ED-4A8E-B0F5-756CB95B1DDF}.Debug|Any CPU.Build.0 = Debug|Any CPU
		{60D5AD89-A6ED-4A8E-B0F5-756CB95B1DDF}.Release|Any CPU.ActiveCfg = Release|Any CPU
		{60D5AD89-A6ED-4A8E-B0F5-756CB95B1DDF}.Release|Any CPU.Build.0 = Release|Any CPU
	EndGlobalSection
	GlobalSection(SolutionProperties) = preSolution
		HideSolutionNode = FALSE
	EndGlobalSection
	GlobalSection(ExtensibilityGlobals) = postSolution
		SolutionGuid = {3120E014-C3BC-4174-98A4-7524631CA717}
	EndGlobalSection
EndGlobal
